
Microsoft Visual Studio Solution File, Format Version 11.00
# Visual Studio 2010
Project("{8BC9CEB8-8B4A-11D0-8D11-00A0C91BC942}") = "DAS_BEER_BOOT", "DAS_BEER_BOOT\DAS_BEER_BOOT.vcxproj", "{734A44A7-7BE2-4EEE-B716-0D131F42B90E}"
EndProject
Global
	GlobalSection(SolutionConfigurationPlatforms) = preSolution
		Debug|Win32 = Debug|Win32
		Release|Win32 = Release|Win32
	EndGlobalSection
	GlobalSection(ProjectConfigurationPlatforms) = postSolution
		{734A44A7-7BE2-4EEE-B716-0D131F42B90E}.Debug|Win32.ActiveCfg = Debug|Win32
		{734A44A7-7BE2-4EEE-B716-0D131F42B90E}.Debug|Win32.Build.0 = Debug|Win32
		{734A44A7-7BE2-4EEE-B716-0D131F42B90E}.Release|Win32.ActiveCfg = Release|Win32
		{734A44A7-7BE2-4EEE-B716-0D131F42B90E}.Release|Win32.Build.0 = Release|Win32
	EndGlobalSection
	GlobalSection(SolutionProperties) = preSolution
		HideSolutionNode = FALSE
	EndGlobalSection
EndGlobal
